// !$*UTF8*$!
{
	archiveVersion = 1;
	classes = {
	};
	objectVersion = 56;
	objects = {

/* Begin PBXBuildFile section */
		AA15B3BB29B24DFA009035B1 /* AerialImageFileSet.swift in Sources */ = {isa = PBXBuildFile; fileRef = AA15B3BA29B24DFA009035B1 /* AerialImageFileSet.swift */; };
		AA15B3BD29B250DB009035B1 /* GPSInfo.swift in Sources */ = {isa = PBXBuildFile; fileRef = AA15B3BC29B250DB009035B1 /* GPSInfo.swift */; };
		AA50FCDB29AE3ECD0086604B /* PrunerUI.swift in Sources */ = {isa = PBXBuildFile; fileRef = AA50FCDA29AE3ECD0086604B /* PrunerUI.swift */; };
		AA50FCDF29AE427B0086604B /* DirParser.swift in Sources */ = {isa = PBXBuildFile; fileRef = AA50FCDE29AE427B0086604B /* DirParser.swift */; };
		AA50FCE129AF10070086604B /* EventHandler.swift in Sources */ = {isa = PBXBuildFile; fileRef = AA50FCE029AF10070086604B /* EventHandler.swift */; };
		AA50FCE329AF98160086604B /* AerialImageFile.swift in Sources */ = {isa = PBXBuildFile; fileRef = AA50FCE229AF98160086604B /* AerialImageFile.swift */; };
		AA6AF1BD29AC335400FDC128 /* TopoFileSelector.swift in Sources */ = {isa = PBXBuildFile; fileRef = AA6AF1BC29AC335400FDC128 /* TopoFileSelector.swift */; };
		AA6AF1C529ADBCE300FDC128 /* Localizable.strings in Resources */ = {isa = PBXBuildFile; fileRef = AA6AF1C729ADBCE300FDC128 /* Localizable.strings */; };
		AAEE394629AC27BC002E6CC5 /* topoimgprunerApp.swift in Sources */ = {isa = PBXBuildFile; fileRef = AAEE394529AC27BC002E6CC5 /* topoimgprunerApp.swift */; };
		AAEE394829AC27BC002E6CC5 /* ContentView.swift in Sources */ = {isa = PBXBuildFile; fileRef = AAEE394729AC27BC002E6CC5 /* ContentView.swift */; };
		AAEE394A29AC27BC002E6CC5 /* Assets.xcassets in Resources */ = {isa = PBXBuildFile; fileRef = AAEE394929AC27BC002E6CC5 /* Assets.xcassets */; };
		AAEE394D29AC27BC002E6CC5 /* Preview Assets.xcassets in Resources */ = {isa = PBXBuildFile; fileRef = AAEE394C29AC27BC002E6CC5 /* Preview Assets.xcassets */; };
		AAEE395829AC27BC002E6CC5 /* topoimgprunerTests.swift in Sources */ = {isa = PBXBuildFile; fileRef = AAEE395729AC27BC002E6CC5 /* topoimgprunerTests.swift */; };
		AAEE396229AC27BC002E6CC5 /* topoimgprunerUITests.swift in Sources */ = {isa = PBXBuildFile; fileRef = AAEE396129AC27BC002E6CC5 /* topoimgprunerUITests.swift */; };
		AAEE396429AC27BC002E6CC5 /* topoimgprunerUITestsLaunchTests.swift in Sources */ = {isa = PBXBuildFile; fileRef = AAEE396329AC27BC002E6CC5 /* topoimgprunerUITestsLaunchTests.swift */; };
/* End PBXBuildFile section */

/* Begin PBXContainerItemProxy section */
		AAEE395429AC27BC002E6CC5 /* PBXContainerItemProxy */ = {
			isa = PBXContainerItemProxy;
			containerPortal = AAEE393A29AC27BC002E6CC5 /* Project object */;
			proxyType = 1;
			remoteGlobalIDString = AAEE394129AC27BC002E6CC5;
			remoteInfo = topoimgpruner;
		};
		AAEE395E29AC27BC002E6CC5 /* PBXContainerItemProxy */ = {
			isa = PBXContainerItemProxy;
			containerPortal = AAEE393A29AC27BC002E6CC5 /* Project object */;
			proxyType = 1;
			remoteGlobalIDString = AAEE394129AC27BC002E6CC5;
			remoteInfo = topoimgpruner;
		};
/* End PBXContainerItemProxy section */

/* Begin PBXFileReference section */
		AA15B3BA29B24DFA009035B1 /* AerialImageFileSet.swift */ = {isa = PBXFileReference; lastKnownFileType = sourcecode.swift; path = AerialImageFileSet.swift; sourceTree = "<group>"; };
		AA15B3BC29B250DB009035B1 /* GPSInfo.swift */ = {isa = PBXFileReference; lastKnownFileType = sourcecode.swift; path = GPSInfo.swift; sourceTree = "<group>"; };
		AA50FCDA29AE3ECD0086604B /* PrunerUI.swift */ = {isa = PBXFileReference; lastKnownFileType = sourcecode.swift; path = PrunerUI.swift; sourceTree = "<group>"; };
		AA50FCDE29AE427B0086604B /* DirParser.swift */ = {isa = PBXFileReference; lastKnownFileType = sourcecode.swift; path = DirParser.swift; sourceTree = "<group>"; };
		AA50FCE029AF10070086604B /* EventHandler.swift */ = {isa = PBXFileReference; lastKnownFileType = sourcecode.swift; path = EventHandler.swift; sourceTree = "<group>"; };
		AA50FCE229AF98160086604B /* AerialImageFile.swift */ = {isa = PBXFileReference; lastKnownFileType = sourcecode.swift; path = AerialImageFile.swift; sourceTree = "<group>"; };
		AA6AF1BC29AC335400FDC128 /* TopoFileSelector.swift */ = {isa = PBXFileReference; lastKnownFileType = sourcecode.swift; path = TopoFileSelector.swift; sourceTree = "<group>"; };
		AA6AF1C629ADBCE300FDC128 /* en */ = {isa = PBXFileReference; lastKnownFileType = text.plist.strings; name = en; path = en.lproj/Localizable.strings; sourceTree = "<group>"; };
		AA6AF1C829ADBCFD00FDC128 /* es */ = {isa = PBXFileReference; lastKnownFileType = text.plist.strings; name = es; path = es.lproj/Localizable.strings; sourceTree = "<group>"; };
		AAEE394229AC27BC002E6CC5 /* topoimgpruner.app */ = {isa = PBXFileReference; explicitFileType = wrapper.application; includeInIndex = 0; path = topoimgpruner.app; sourceTree = BUILT_PRODUCTS_DIR; };
		AAEE394529AC27BC002E6CC5 /* topoimgprunerApp.swift */ = {isa = PBXFileReference; lastKnownFileType = sourcecode.swift; path = topoimgprunerApp.swift; sourceTree = "<group>"; };
		AAEE394729AC27BC002E6CC5 /* ContentView.swift */ = {isa = PBXFileReference; lastKnownFileType = sourcecode.swift; path = ContentView.swift; sourceTree = "<group>"; };
		AAEE394929AC27BC002E6CC5 /* Assets.xcassets */ = {isa = PBXFileReference; lastKnownFileType = folder.assetcatalog; path = Assets.xcassets; sourceTree = "<group>"; };
		AAEE394C29AC27BC002E6CC5 /* Preview Assets.xcassets */ = {isa = PBXFileReference; lastKnownFileType = folder.assetcatalog; path = "Preview Assets.xcassets"; sourceTree = "<group>"; };
		AAEE394E29AC27BC002E6CC5 /* topoimgpruner.entitlements */ = {isa = PBXFileReference; lastKnownFileType = text.plist.entitlements; path = topoimgpruner.entitlements; sourceTree = "<group>"; };
		AAEE395329AC27BC002E6CC5 /* topoimgprunerTests.xctest */ = {isa = PBXFileReference; explicitFileType = wrapper.cfbundle; includeInIndex = 0; path = topoimgprunerTests.xctest; sourceTree = BUILT_PRODUCTS_DIR; };
		AAEE395729AC27BC002E6CC5 /* topoimgprunerTests.swift */ = {isa = PBXFileReference; lastKnownFileType = sourcecode.swift; path = topoimgprunerTests.swift; sourceTree = "<group>"; };
		AAEE395D29AC27BC002E6CC5 /* topoimgprunerUITests.xctest */ = {isa = PBXFileReference; explicitFileType = wrapper.cfbundle; includeInIndex = 0; path = topoimgprunerUITests.xctest; sourceTree = BUILT_PRODUCTS_DIR; };
		AAEE396129AC27BC002E6CC5 /* topoimgprunerUITests.swift */ = {isa = PBXFileReference; lastKnownFileType = sourcecode.swift; path = topoimgprunerUITests.swift; sourceTree = "<group>"; };
		AAEE396329AC27BC002E6CC5 /* topoimgprunerUITestsLaunchTests.swift */ = {isa = PBXFileReference; lastKnownFileType = sourcecode.swift; path = topoimgprunerUITestsLaunchTests.swift; sourceTree = "<group>"; };
/* End PBXFileReference section */

/* Begin PBXFrameworksBuildPhase section */
		AAEE393F29AC27BC002E6CC5 /* Frameworks */ = {
			isa = PBXFrameworksBuildPhase;
			buildActionMask = 2147483647;
			files = (
			);
			runOnlyForDeploymentPostprocessing = 0;
		};
		AAEE395029AC27BC002E6CC5 /* Frameworks */ = {
			isa = PBXFrameworksBuildPhase;
			buildActionMask = 2147483647;
			files = (
			);
			runOnlyForDeploymentPostprocessing = 0;
		};
		AAEE395A29AC27BC002E6CC5 /* Frameworks */ = {
			isa = PBXFrameworksBuildPhase;
			buildActionMask = 2147483647;
			files = (
			);
			runOnlyForDeploymentPostprocessing = 0;
		};
/* End PBXFrameworksBuildPhase section */

/* Begin PBXGroup section */
		AA50FCD929AE3EA80086604B /* Pruner */ = {
			isa = PBXGroup;
			children = (
				AA50FCDA29AE3ECD0086604B /* PrunerUI.swift */,
			);
			path = Pruner;
			sourceTree = "<group>";
		};
		AA50FCDC29AE42030086604B /* FileControl */ = {
			isa = PBXGroup;
			children = (
				AA50FCDD29AE42250086604B /* Parser */,
				AA6AF1BC29AC335400FDC128 /* TopoFileSelector.swift */,
			);
			path = FileControl;
			sourceTree = "<group>";
		};
		AA50FCDD29AE42250086604B /* Parser */ = {
			isa = PBXGroup;
			children = (
				AA50FCDE29AE427B0086604B /* DirParser.swift */,
				AA50FCE229AF98160086604B /* AerialImageFile.swift */,
				AA15B3BA29B24DFA009035B1 /* AerialImageFileSet.swift */,
				AA15B3BC29B250DB009035B1 /* GPSInfo.swift */,
			);
			path = Parser;
			sourceTree = "<group>";
		};
		AA6AF1C029ADBB6600FDC128 /* Localizables */ = {
			isa = PBXGroup;
			children = (
				AA6AF1C729ADBCE300FDC128 /* Localizable.strings */,
			);
			path = Localizables;
			sourceTree = "<group>";
		};
		AAEE393929AC27BC002E6CC5 = {
			isa = PBXGroup;
			children = (
				AAEE394429AC27BC002E6CC5 /* topoimgpruner */,
				AAEE395629AC27BC002E6CC5 /* topoimgprunerTests */,
				AAEE396029AC27BC002E6CC5 /* topoimgprunerUITests */,
				AAEE394329AC27BC002E6CC5 /* Products */,
			);
			sourceTree = "<group>";
		};
		AAEE394329AC27BC002E6CC5 /* Products */ = {
			isa = PBXGroup;
			children = (
				AAEE394229AC27BC002E6CC5 /* topoimgpruner.app */,
				AAEE395329AC27BC002E6CC5 /* topoimgprunerTests.xctest */,
				AAEE395D29AC27BC002E6CC5 /* topoimgprunerUITests.xctest */,
			);
			name = Products;
			sourceTree = "<group>";
		};
		AAEE394429AC27BC002E6CC5 /* topoimgpruner */ = {
			isa = PBXGroup;
			children = (
				AA50FCDC29AE42030086604B /* FileControl */,
				AA50FCD929AE3EA80086604B /* Pruner */,
				AA6AF1C029ADBB6600FDC128 /* Localizables */,
				AAEE394529AC27BC002E6CC5 /* topoimgprunerApp.swift */,
				AAEE394729AC27BC002E6CC5 /* ContentView.swift */,
				AAEE394929AC27BC002E6CC5 /* Assets.xcassets */,
				AAEE394E29AC27BC002E6CC5 /* topoimgpruner.entitlements */,
				AAEE394B29AC27BC002E6CC5 /* Preview Content */,
				AA50FCE029AF10070086604B /* EventHandler.swift */,
			);
			path = topoimgpruner;
			sourceTree = "<group>";
		};
		AAEE394B29AC27BC002E6CC5 /* Preview Content */ = {
			isa = PBXGroup;
			children = (
				AAEE394C29AC27BC002E6CC5 /* Preview Assets.xcassets */,
			);
			path = "Preview Content";
			sourceTree = "<group>";
		};
		AAEE395629AC27BC002E6CC5 /* topoimgprunerTests */ = {
			isa = PBXGroup;
			children = (
				AAEE395729AC27BC002E6CC5 /* topoimgprunerTests.swift */,
			);
			path = topoimgprunerTests;
			sourceTree = "<group>";
		};
		AAEE396029AC27BC002E6CC5 /* topoimgprunerUITests */ = {
			isa = PBXGroup;
			children = (
				AAEE396129AC27BC002E6CC5 /* topoimgprunerUITests.swift */,
				AAEE396329AC27BC002E6CC5 /* topoimgprunerUITestsLaunchTests.swift */,
			);
			path = topoimgprunerUITests;
			sourceTree = "<group>";
		};
/* End PBXGroup section */

/* Begin PBXNativeTarget section */
		AAEE394129AC27BC002E6CC5 /* topoimgpruner */ = {
			isa = PBXNativeTarget;
			buildConfigurationList = AAEE396729AC27BC002E6CC5 /* Build configuration list for PBXNativeTarget "topoimgpruner" */;
			buildPhases = (
				AAEE393E29AC27BC002E6CC5 /* Sources */,
				AAEE393F29AC27BC002E6CC5 /* Frameworks */,
				AAEE394029AC27BC002E6CC5 /* Resources */,
			);
			buildRules = (
			);
			dependencies = (
			);
			name = topoimgpruner;
			packageProductDependencies = (
			);
			productName = topoimgpruner;
			productReference = AAEE394229AC27BC002E6CC5 /* topoimgpruner.app */;
			productType = "com.apple.product-type.application";
		};
		AAEE395229AC27BC002E6CC5 /* topoimgprunerTests */ = {
			isa = PBXNativeTarget;
			buildConfigurationList = AAEE396A29AC27BC002E6CC5 /* Build configuration list for PBXNativeTarget "topoimgprunerTests" */;
			buildPhases = (
				AAEE394F29AC27BC002E6CC5 /* Sources */,
				AAEE395029AC27BC002E6CC5 /* Frameworks */,
				AAEE395129AC27BC002E6CC5 /* Resources */,
			);
			buildRules = (
			);
			dependencies = (
				AAEE395529AC27BC002E6CC5 /* PBXTargetDependency */,
			);
			name = topoimgprunerTests;
			productName = topoimgprunerTests;
			productReference = AAEE395329AC27BC002E6CC5 /* topoimgprunerTests.xctest */;
			productType = "com.apple.product-type.bundle.unit-test";
		};
		AAEE395C29AC27BC002E6CC5 /* topoimgprunerUITests */ = {
			isa = PBXNativeTarget;
			buildConfigurationList = AAEE396D29AC27BC002E6CC5 /* Build configuration list for PBXNativeTarget "topoimgprunerUITests" */;
			buildPhases = (
				AAEE395929AC27BC002E6CC5 /* Sources */,
				AAEE395A29AC27BC002E6CC5 /* Frameworks */,
				AAEE395B29AC27BC002E6CC5 /* Resources */,
			);
			buildRules = (
			);
			dependencies = (
				AAEE395F29AC27BC002E6CC5 /* PBXTargetDependency */,
			);
			name = topoimgprunerUITests;
			productName = topoimgprunerUITests;
			productReference = AAEE395D29AC27BC002E6CC5 /* topoimgprunerUITests.xctest */;
			productType = "com.apple.product-type.bundle.ui-testing";
		};
/* End PBXNativeTarget section */

/* Begin PBXProject section */
		AAEE393A29AC27BC002E6CC5 /* Project object */ = {
			isa = PBXProject;
			attributes = {
				BuildIndependentTargetsInParallel = 1;
				LastSwiftUpdateCheck = 1420;
				LastUpgradeCheck = 1420;
				TargetAttributes = {
					AAEE394129AC27BC002E6CC5 = {
						CreatedOnToolsVersion = 14.2;
					};
					AAEE395229AC27BC002E6CC5 = {
						CreatedOnToolsVersion = 14.2;
						TestTargetID = AAEE394129AC27BC002E6CC5;
					};
					AAEE395C29AC27BC002E6CC5 = {
						CreatedOnToolsVersion = 14.2;
						TestTargetID = AAEE394129AC27BC002E6CC5;
					};
				};
			};
			buildConfigurationList = AAEE393D29AC27BC002E6CC5 /* Build configuration list for PBXProject "topoimgpruner" */;
			compatibilityVersion = "Xcode 14.0";
			developmentRegion = en;
			hasScannedForEncodings = 0;
			knownRegions = (
				en,
				Base,
				es,
			);
			mainGroup = AAEE393929AC27BC002E6CC5;
			packageReferences = (
			);
			productRefGroup = AAEE394329AC27BC002E6CC5 /* Products */;
			projectDirPath = "";
			projectRoot = "";
			targets = (
				AAEE394129AC27BC002E6CC5 /* topoimgpruner */,
				AAEE395229AC27BC002E6CC5 /* topoimgprunerTests */,
				AAEE395C29AC27BC002E6CC5 /* topoimgprunerUITests */,
			);
		};
/* End PBXProject section */

/* Begin PBXResourcesBuildPhase section */
		AAEE394029AC27BC002E6CC5 /* Resources */ = {
			isa = PBXResourcesBuildPhase;
			buildActionMask = 2147483647;
			files = (
				AAEE394D29AC27BC002E6CC5 /* Preview Assets.xcassets in Resources */,
				AA6AF1C529ADBCE300FDC128 /* Localizable.strings in Resources */,
				AAEE394A29AC27BC002E6CC5 /* Assets.xcassets in Resources */,
			);
			runOnlyForDeploymentPostprocessing = 0;
		};
		AAEE395129AC27BC002E6CC5 /* Resources */ = {
			isa = PBXResourcesBuildPhase;
			buildActionMask = 2147483647;
			files = (
			);
			runOnlyForDeploymentPostprocessing = 0;
		};
		AAEE395B29AC27BC002E6CC5 /* Resources */ = {
			isa = PBXResourcesBuildPhase;
			buildActionMask = 2147483647;
			files = (
			);
			runOnlyForDeploymentPostprocessing = 0;
		};
/* End PBXResourcesBuildPhase section */

/* Begin PBXSourcesBuildPhase section */
		AAEE393E29AC27BC002E6CC5 /* Sources */ = {
			isa = PBXSourcesBuildPhase;
			buildActionMask = 2147483647;
			files = (
				AA15B3BB29B24DFA009035B1 /* AerialImageFileSet.swift in Sources */,
				AA50FCE329AF98160086604B /* AerialImageFile.swift in Sources */,
				AA15B3BD29B250DB009035B1 /* GPSInfo.swift in Sources */,
				AA6AF1BD29AC335400FDC128 /* TopoFileSelector.swift in Sources */,
				AA50FCE129AF10070086604B /* EventHandler.swift in Sources */,
				AAEE394829AC27BC002E6CC5 /* ContentView.swift in Sources */,
				AAEE394629AC27BC002E6CC5 /* topoimgprunerApp.swift in Sources */,
				AA50FCDB29AE3ECD0086604B /* PrunerUI.swift in Sources */,
				AA50FCDF29AE427B0086604B /* DirParser.swift in Sources */,
			);
			runOnlyForDeploymentPostprocessing = 0;
		};
		AAEE394F29AC27BC002E6CC5 /* Sources */ = {
			isa = PBXSourcesBuildPhase;
			buildActionMask = 2147483647;
			files = (
				AAEE395829AC27BC002E6CC5 /* topoimgprunerTests.swift in Sources */,
			);
			runOnlyForDeploymentPostprocessing = 0;
		};
		AAEE395929AC27BC002E6CC5 /* Sources */ = {
			isa = PBXSourcesBuildPhase;
			buildActionMask = 2147483647;
			files = (
				AAEE396429AC27BC002E6CC5 /* topoimgprunerUITestsLaunchTests.swift in Sources */,
				AAEE396229AC27BC002E6CC5 /* topoimgprunerUITests.swift in Sources */,
			);
			runOnlyForDeploymentPostprocessing = 0;
		};
/* End PBXSourcesBuildPhase section */

/* Begin PBXTargetDependency section */
		AAEE395529AC27BC002E6CC5 /* PBXTargetDependency */ = {
			isa = PBXTargetDependency;
			target = AAEE394129AC27BC002E6CC5 /* topoimgpruner */;
			targetProxy = AAEE395429AC27BC002E6CC5 /* PBXContainerItemProxy */;
		};
		AAEE395F29AC27BC002E6CC5 /* PBXTargetDependency */ = {
			isa = PBXTargetDependency;
			target = AAEE394129AC27BC002E6CC5 /* topoimgpruner */;
			targetProxy = AAEE395E29AC27BC002E6CC5 /* PBXContainerItemProxy */;
		};
/* End PBXTargetDependency section */

/* Begin PBXVariantGroup section */
		AA6AF1C729ADBCE300FDC128 /* Localizable.strings */ = {
			isa = PBXVariantGroup;
			children = (
				AA6AF1C629ADBCE300FDC128 /* en */,
				AA6AF1C829ADBCFD00FDC128 /* es */,
			);
			name = Localizable.strings;
			sourceTree = "<group>";
		};
/* End PBXVariantGroup section */

/* Begin XCBuildConfiguration section */
		AAEE396529AC27BC002E6CC5 /* Debug */ = {
			isa = XCBuildConfiguration;
			buildSettings = {
				ALWAYS_SEARCH_USER_PATHS = NO;
				CLANG_ANALYZER_LOCALIZABILITY_NONLOCALIZED = YES;
				CLANG_ANALYZER_NONNULL = YES;
				CLANG_ANALYZER_NUMBER_OBJECT_CONVERSION = YES_AGGRESSIVE;
				CLANG_CXX_LANGUAGE_STANDARD = "gnu++20";
				CLANG_ENABLE_MODULES = YES;
				CLANG_ENABLE_OBJC_ARC = YES;
				CLANG_ENABLE_OBJC_WEAK = YES;
				CLANG_WARN_BLOCK_CAPTURE_AUTORELEASING = YES;
				CLANG_WARN_BOOL_CONVERSION = YES;
				CLANG_WARN_COMMA = YES;
				CLANG_WARN_CONSTANT_CONVERSION = YES;
				CLANG_WARN_DEPRECATED_OBJC_IMPLEMENTATIONS = YES;
				CLANG_WARN_DIRECT_OBJC_ISA_USAGE = YES_ERROR;
				CLANG_WARN_DOCUMENTATION_COMMENTS = YES;
				CLANG_WARN_EMPTY_BODY = YES;
				CLANG_WARN_ENUM_CONVERSION = YES;
				CLANG_WARN_INFINITE_RECURSION = YES;
				CLANG_WARN_INT_CONVERSION = YES;
				CLANG_WARN_NON_LITERAL_NULL_CONVERSION = YES;
				CLANG_WARN_OBJC_IMPLICIT_RETAIN_SELF = YES;
				CLANG_WARN_OBJC_LITERAL_CONVERSION = YES;
				CLANG_WARN_OBJC_ROOT_CLASS = YES_ERROR;
				CLANG_WARN_QUOTED_INCLUDE_IN_FRAMEWORK_HEADER = YES;
				CLANG_WARN_RANGE_LOOP_ANALYSIS = YES;
				CLANG_WARN_STRICT_PROTOTYPES = YES;
				CLANG_WARN_SUSPICIOUS_MOVE = YES;
				CLANG_WARN_UNGUARDED_AVAILABILITY = YES_AGGRESSIVE;
				CLANG_WARN_UNREACHABLE_CODE = YES;
				CLANG_WARN__DUPLICATE_METHOD_MATCH = YES;
				COPY_PHASE_STRIP = NO;
				DEBUG_INFORMATION_FORMAT = dwarf;
				ENABLE_STRICT_OBJC_MSGSEND = YES;
				ENABLE_TESTABILITY = YES;
				GCC_C_LANGUAGE_STANDARD = gnu11;
				GCC_DYNAMIC_NO_PIC = NO;
				GCC_NO_COMMON_BLOCKS = YES;
				GCC_OPTIMIZATION_LEVEL = 0;
				GCC_PREPROCESSOR_DEFINITIONS = (
					"DEBUG=1",
					"$(inherited)",
				);
				GCC_WARN_64_TO_32_BIT_CONVERSION = YES;
				GCC_WARN_ABOUT_RETURN_TYPE = YES_ERROR;
				GCC_WARN_UNDECLARED_SELECTOR = YES;
				GCC_WARN_UNINITIALIZED_AUTOS = YES_AGGRESSIVE;
				GCC_WARN_UNUSED_FUNCTION = YES;
				GCC_WARN_UNUSED_VARIABLE = YES;
				MACOSX_DEPLOYMENT_TARGET = 13.1;
				MTL_ENABLE_DEBUG_INFO = INCLUDE_SOURCE;
				MTL_FAST_MATH = YES;
				ONLY_ACTIVE_ARCH = YES;
				SDKROOT = macosx;
				SWIFT_ACTIVE_COMPILATION_CONDITIONS = DEBUG;
				SWIFT_OPTIMIZATION_LEVEL = "-Onone";
			};
			name = Debug;
		};
		AAEE396629AC27BC002E6CC5 /* Release */ = {
			isa = XCBuildConfiguration;
			buildSettings = {
				ALWAYS_SEARCH_USER_PATHS = NO;
				CLANG_ANALYZER_LOCALIZABILITY_NONLOCALIZED = YES;
				CLANG_ANALYZER_NONNULL = YES;
				CLANG_ANALYZER_NUMBER_OBJECT_CONVERSION = YES_AGGRESSIVE;
				CLANG_CXX_LANGUAGE_STANDARD = "gnu++20";
				CLANG_ENABLE_MODULES = YES;
				CLANG_ENABLE_OBJC_ARC = YES;
				CLANG_ENABLE_OBJC_WEAK = YES;
				CLANG_WARN_BLOCK_CAPTURE_AUTORELEASING = YES;
				CLANG_WARN_BOOL_CONVERSION = YES;
				CLANG_WARN_COMMA = YES;
				CLANG_WARN_CONSTANT_CONVERSION = YES;
				CLANG_WARN_DEPRECATED_OBJC_IMPLEMENTATIONS = YES;
				CLANG_WARN_DIRECT_OBJC_ISA_USAGE = YES_ERROR;
				CLANG_WARN_DOCUMENTATION_COMMENTS = YES;
				CLANG_WARN_EMPTY_BODY = YES;
				CLANG_WARN_ENUM_CONVERSION = YES;
				CLANG_WARN_INFINITE_RECURSION = YES;
				CLANG_WARN_INT_CONVERSION = YES;
				CLANG_WARN_NON_LITERAL_NULL_CONVERSION = YES;
				CLANG_WARN_OBJC_IMPLICIT_RETAIN_SELF = YES;
				CLANG_WARN_OBJC_LITERAL_CONVERSION = YES;
				CLANG_WARN_OBJC_ROOT_CLASS = YES_ERROR;
				CLANG_WARN_QUOTED_INCLUDE_IN_FRAMEWORK_HEADER = YES;
				CLANG_WARN_RANGE_LOOP_ANALYSIS = YES;
				CLANG_WARN_STRICT_PROTOTYPES = YES;
				CLANG_WARN_SUSPICIOUS_MOVE = YES;
				CLANG_WARN_UNGUARDED_AVAILABILITY = YES_AGGRESSIVE;
				CLANG_WARN_UNREACHABLE_CODE = YES;
				CLANG_WARN__DUPLICATE_METHOD_MATCH = YES;
				COPY_PHASE_STRIP = NO;
				DEBUG_INFORMATION_FORMAT = "dwarf-with-dsym";
				ENABLE_NS_ASSERTIONS = NO;
				ENABLE_STRICT_OBJC_MSGSEND = YES;
				GCC_C_LANGUAGE_STANDARD = gnu11;
				GCC_NO_COMMON_BLOCKS = YES;
				GCC_WARN_64_TO_32_BIT_CONVERSION = YES;
				GCC_WARN_ABOUT_RETURN_TYPE = YES_ERROR;
				GCC_WARN_UNDECLARED_SELECTOR = YES;
				GCC_WARN_UNINITIALIZED_AUTOS = YES_AGGRESSIVE;
				GCC_WARN_UNUSED_FUNCTION = YES;
				GCC_WARN_UNUSED_VARIABLE = YES;
				MACOSX_DEPLOYMENT_TARGET = 13.1;
				MTL_ENABLE_DEBUG_INFO = NO;
				MTL_FAST_MATH = YES;
				SDKROOT = macosx;
				SWIFT_COMPILATION_MODE = wholemodule;
				SWIFT_OPTIMIZATION_LEVEL = "-O";
			};
			name = Release;
		};
		AAEE396829AC27BC002E6CC5 /* Debug */ = {
			isa = XCBuildConfiguration;
			buildSettings = {
				ASSETCATALOG_COMPILER_APPICON_NAME = AppIcon;
				ASSETCATALOG_COMPILER_GLOBAL_ACCENT_COLOR_NAME = AccentColor;
				ASSETCATALOG_COMPILER_INCLUDE_ALL_APPICON_ASSETS = YES;
				CODE_SIGN_ENTITLEMENTS = topoimgpruner/topoimgpruner.entitlements;
				CODE_SIGN_STYLE = Automatic;
				COMBINE_HIDPI_IMAGES = YES;
				CURRENT_PROJECT_VERSION = 1;
				DEVELOPMENT_ASSET_PATHS = "\"topoimgpruner/Preview Content\"";
				ENABLE_PREVIEWS = YES;
				GENERATE_INFOPLIST_FILE = YES;
				INFOPLIST_KEY_LSApplicationCategoryType = "public.app-category.utilities";
				INFOPLIST_KEY_NSHumanReadableCopyright = "";
				LD_RUNPATH_SEARCH_PATHS = (
					"$(inherited)",
					"@executable_path/../Frameworks",
				);
				MARKETING_VERSION = 1.0;
				PRODUCT_BUNDLE_IDENTIFIER = alexeiwhite.topoimgpruner;
				PRODUCT_NAME = "$(TARGET_NAME)";
				SWIFT_EMIT_LOC_STRINGS = YES;
				SWIFT_VERSION = 5.0;
			};
			name = Debug;
		};
		AAEE396929AC27BC002E6CC5 /* Release */ = {
			isa = XCBuildConfiguration;
			buildSettings = {
				ASSETCATALOG_COMPILER_APPICON_NAME = AppIcon;
				ASSETCATALOG_COMPILER_GLOBAL_ACCENT_COLOR_NAME = AccentColor;
				ASSETCATALOG_COMPILER_INCLUDE_ALL_APPICON_ASSETS = YES;
				CODE_SIGN_ENTITLEMENTS = topoimgpruner/topoimgpruner.entitlements;
				CODE_SIGN_STYLE = Automatic;
				COMBINE_HIDPI_IMAGES = YES;
				CURRENT_PROJECT_VERSION = 1;
				DEVELOPMENT_ASSET_PATHS = "\"topoimgpruner/Preview Content\"";
				ENABLE_PREVIEWS = YES;
				GENERATE_INFOPLIST_FILE = YES;
				INFOPLIST_KEY_LSApplicationCategoryType = "public.app-category.utilities";
				INFOPLIST_KEY_NSHumanReadableCopyright = "";
				LD_RUNPATH_SEARCH_PATHS = (
					"$(inherited)",
					"@executable_path/../Frameworks",
				);
				MARKETING_VERSION = 1.0;
				PRODUCT_BUNDLE_IDENTIFIER = alexeiwhite.topoimgpruner;
				PRODUCT_NAME = "$(TARGET_NAME)";
				SWIFT_EMIT_LOC_STRINGS = YES;
				SWIFT_VERSION = 5.0;
			};
			name = Release;
		};
		AAEE396B29AC27BC002E6CC5 /* Debug */ = {
			isa = XCBuildConfiguration;
			buildSettings = {
				ALWAYS_EMBED_SWIFT_STANDARD_LIBRARIES = YES;
				BUNDLE_LOADER = "$(TEST_HOST)";
				CODE_SIGN_STYLE = Automatic;
				CURRENT_PROJECT_VERSION = 1;
				GENERATE_INFOPLIST_FILE = YES;
				MACOSX_DEPLOYMENT_TARGET = 13.1;
				MARKETING_VERSION = 1.0;
				PRODUCT_BUNDLE_IDENTIFIER = alexeiwhite.topoimgprunerTests;
				PRODUCT_NAME = "$(TARGET_NAME)";
				SWIFT_EMIT_LOC_STRINGS = NO;
				SWIFT_VERSION = 5.0;
				TEST_HOST = "$(BUILT_PRODUCTS_DIR)/topoimgpruner.app/$(BUNDLE_EXECUTABLE_FOLDER_PATH)/topoimgpruner";
			};
			name = Debug;
		};
		AAEE396C29AC27BC002E6CC5 /* Release */ = {
			isa = XCBuildConfiguration;
			buildSettings = {
				ALWAYS_EMBED_SWIFT_STANDARD_LIBRARIES = YES;
				BUNDLE_LOADER = "$(TEST_HOST)";
				CODE_SIGN_STYLE = Automatic;
				CURRENT_PROJECT_VERSION = 1;
				GENERATE_INFOPLIST_FILE = YES;
				MACOSX_DEPLOYMENT_TARGET = 13.1;
				MARKETING_VERSION = 1.0;
				PRODUCT_BUNDLE_IDENTIFIER = alexeiwhite.topoimgprunerTests;
				PRODUCT_NAME = "$(TARGET_NAME)";
				SWIFT_EMIT_LOC_STRINGS = NO;
				SWIFT_VERSION = 5.0;
				TEST_HOST = "$(BUILT_PRODUCTS_DIR)/topoimgpruner.app/$(BUNDLE_EXECUTABLE_FOLDER_PATH)/topoimgpruner";
			};
			name = Release;
		};
		AAEE396E29AC27BC002E6CC5 /* Debug */ = {
			isa = XCBuildConfiguration;
			buildSettings = {
				ALWAYS_EMBED_SWIFT_STANDARD_LIBRARIES = YES;
				CODE_SIGN_STYLE = Automatic;
				CURRENT_PROJECT_VERSION = 1;
				GENERATE_INFOPLIST_FILE = YES;
				MARKETING_VERSION = 1.0;
				PRODUCT_BUNDLE_IDENTIFIER = alexeiwhite.topoimgprunerUITests;
				PRODUCT_NAME = "$(TARGET_NAME)";
				SWIFT_EMIT_LOC_STRINGS = NO;
				SWIFT_VERSION = 5.0;
				TEST_TARGET_NAME = topoimgpruner;
			};
			name = Debug;
		};
		AAEE396F29AC27BC002E6CC5 /* Release */ = {
			isa = XCBuildConfiguration;
			buildSettings = {
				ALWAYS_EMBED_SWIFT_STANDARD_LIBRARIES = YES;
				CODE_SIGN_STYLE = Automatic;
				CURRENT_PROJECT_VERSION = 1;
				GENERATE_INFOPLIST_FILE = YES;
				MARKETING_VERSION = 1.0;
				PRODUCT_BUNDLE_IDENTIFIER = alexeiwhite.topoimgprunerUITests;
				PRODUCT_NAME = "$(TARGET_NAME)";
				SWIFT_EMIT_LOC_STRINGS = NO;
				SWIFT_VERSION = 5.0;
				TEST_TARGET_NAME = topoimgpruner;
			};
			name = Release;
		};
/* End XCBuildConfiguration section */

/* Begin XCConfigurationList section */
		AAEE393D29AC27BC002E6CC5 /* Build configuration list for PBXProject "topoimgpruner" */ = {
			isa = XCConfigurationList;
			buildConfigurations = (
				AAEE396529AC27BC002E6CC5 /* Debug */,
				AAEE396629AC27BC002E6CC5 /* Release */,
			);
			defaultConfigurationIsVisible = 0;
			defaultConfigurationName = Release;
		};
		AAEE396729AC27BC002E6CC5 /* Build configuration list for PBXNativeTarget "topoimgpruner" */ = {
			isa = XCConfigurationList;
			buildConfigurations = (
				AAEE396829AC27BC002E6CC5 /* Debug */,
				AAEE396929AC27BC002E6CC5 /* Release */,
			);
			defaultConfigurationIsVisible = 0;
			defaultConfigurationName = Release;
		};
		AAEE396A29AC27BC002E6CC5 /* Build configuration list for PBXNativeTarget "topoimgprunerTests" */ = {
			isa = XCConfigurationList;
			buildConfigurations = (
				AAEE396B29AC27BC002E6CC5 /* Debug */,
				AAEE396C29AC27BC002E6CC5 /* Release */,
			);
			defaultConfigurationIsVisible = 0;
			defaultConfigurationName = Release;
		};
		AAEE396D29AC27BC002E6CC5 /* Build configuration list for PBXNativeTarget "topoimgprunerUITests" */ = {
			isa = XCConfigurationList;
			buildConfigurations = (
				AAEE396E29AC27BC002E6CC5 /* Debug */,
				AAEE396F29AC27BC002E6CC5 /* Release */,
			);
			defaultConfigurationIsVisible = 0;
			defaultConfigurationName = Release;
		};
/* End XCConfigurationList section */
	};
	rootObject = AAEE393A29AC27BC002E6CC5 /* Project object */;
}
